// !$*UTF8*$!
{
	archiveVersion = 1;
	classes = {
	};
	objectVersion = 55;
	objects = {

/* Begin PBXBuildFile section */
		087A4A103FAAE9FE6E0792E1 /* Pods_Meliora__iOS_.framework in Frameworks */ = {isa = PBXBuildFile; fileRef = E2F4DC952F412A63702194DC /* Pods_Meliora__iOS_.framework */; };
		98499605000A69408BE1052A /* Pods_Meliora__macOS_.framework in Frameworks */ = {isa = PBXBuildFile; fileRef = CF0781F7A32E85D2184D8176 /* Pods_Meliora__macOS_.framework */; };
		DE2B4FC52848F00A007A0BFA /* AppUser.swift in Sources */ = {isa = PBXBuildFile; fileRef = DE2B4FC42848F00A007A0BFA /* AppUser.swift */; };
		DE7A163C280E39CF008F1886 /* Tests_iOS.swift in Sources */ = {isa = PBXBuildFile; fileRef = DE7A163B280E39CF008F1886 /* Tests_iOS.swift */; };
		DE7A163E280E39CF008F1886 /* Tests_iOSLaunchTests.swift in Sources */ = {isa = PBXBuildFile; fileRef = DE7A163D280E39CF008F1886 /* Tests_iOSLaunchTests.swift */; };
		DE7A1648280E39CF008F1886 /* Tests_macOS.swift in Sources */ = {isa = PBXBuildFile; fileRef = DE7A1647280E39CF008F1886 /* Tests_macOS.swift */; };
		DE7A164A280E39CF008F1886 /* Tests_macOSLaunchTests.swift in Sources */ = {isa = PBXBuildFile; fileRef = DE7A1649280E39CF008F1886 /* Tests_macOSLaunchTests.swift */; };
		DE7A164B280E39CF008F1886 /* MelioraApp.swift in Sources */ = {isa = PBXBuildFile; fileRef = DE7A1623280E39CD008F1886 /* MelioraApp.swift */; };
		DE7A164C280E39CF008F1886 /* MelioraApp.swift in Sources */ = {isa = PBXBuildFile; fileRef = DE7A1623280E39CD008F1886 /* MelioraApp.swift */; };
		DE7A164F280E39CF008F1886 /* Assets.xcassets in Resources */ = {isa = PBXBuildFile; fileRef = DE7A1625280E39CF008F1886 /* Assets.xcassets */; };
		DE7A1650280E39CF008F1886 /* Assets.xcassets in Resources */ = {isa = PBXBuildFile; fileRef = DE7A1625280E39CF008F1886 /* Assets.xcassets */; };
		DE7A1683280E3A20008F1886 /* Settings.swift in Sources */ = {isa = PBXBuildFile; fileRef = DE7A1661280E3A20008F1886 /* Settings.swift */; };
		DE7A1684280E3A20008F1886 /* Settings.swift in Sources */ = {isa = PBXBuildFile; fileRef = DE7A1661280E3A20008F1886 /* Settings.swift */; };
		DE7A1685280E3A20008F1886 /* Identity.swift in Sources */ = {isa = PBXBuildFile; fileRef = DE7A1663280E3A20008F1886 /* Identity.swift */; };
		DE7A1686280E3A20008F1886 /* Identity.swift in Sources */ = {isa = PBXBuildFile; fileRef = DE7A1663280E3A20008F1886 /* Identity.swift */; };
		DE7A1687280E3A20008F1886 /* Watching.swift in Sources */ = {isa = PBXBuildFile; fileRef = DE7A1666280E3A20008F1886 /* Watching.swift */; };
		DE7A1688280E3A20008F1886 /* Watching.swift in Sources */ = {isa = PBXBuildFile; fileRef = DE7A1666280E3A20008F1886 /* Watching.swift */; };
		DE7A1689280E3A20008F1886 /* Network.swift in Sources */ = {isa = PBXBuildFile; fileRef = DE7A1667280E3A20008F1886 /* Network.swift */; };
		DE7A168A280E3A20008F1886 /* Network.swift in Sources */ = {isa = PBXBuildFile; fileRef = DE7A1667280E3A20008F1886 /* Network.swift */; };
		DE7A168B280E3A20008F1886 /* LiveFeed.swift in Sources */ = {isa = PBXBuildFile; fileRef = DE7A1669280E3A20008F1886 /* LiveFeed.swift */; };
		DE7A168C280E3A20008F1886 /* LiveFeed.swift in Sources */ = {isa = PBXBuildFile; fileRef = DE7A1669280E3A20008F1886 /* LiveFeed.swift */; };
		DE7A168D280E3A20008F1886 /* Session.swift in Sources */ = {isa = PBXBuildFile; fileRef = DE7A166A280E3A20008F1886 /* Session.swift */; };
		DE7A168E280E3A20008F1886 /* Session.swift in Sources */ = {isa = PBXBuildFile; fileRef = DE7A166A280E3A20008F1886 /* Session.swift */; };
		DE7A168F280E3A20008F1886 /* CameraPermission.swift in Sources */ = {isa = PBXBuildFile; fileRef = DE7A166C280E3A20008F1886 /* CameraPermission.swift */; };
		DE7A1690280E3A20008F1886 /* CameraPermission.swift in Sources */ = {isa = PBXBuildFile; fileRef = DE7A166C280E3A20008F1886 /* CameraPermission.swift */; };
		DE7A1691280E3A20008F1886 /* MicrophonePermission.swift in Sources */ = {isa = PBXBuildFile; fileRef = DE7A166D280E3A20008F1886 /* MicrophonePermission.swift */; };
		DE7A1692280E3A20008F1886 /* MicrophonePermission.swift in Sources */ = {isa = PBXBuildFile; fileRef = DE7A166D280E3A20008F1886 /* MicrophonePermission.swift */; };
		DE7A1693280E3A20008F1886 /* StreamingControl.swift in Sources */ = {isa = PBXBuildFile; fileRef = DE7A166F280E3A20008F1886 /* StreamingControl.swift */; };
		DE7A1694280E3A20008F1886 /* StreamingControl.swift in Sources */ = {isa = PBXBuildFile; fileRef = DE7A166F280E3A20008F1886 /* StreamingControl.swift */; };
		DE7A1695280E3A20008F1886 /* StreamerList.swift in Sources */ = {isa = PBXBuildFile; fileRef = DE7A1670280E3A20008F1886 /* StreamerList.swift */; };
		DE7A1696280E3A20008F1886 /* StreamerList.swift in Sources */ = {isa = PBXBuildFile; fileRef = DE7A1670280E3A20008F1886 /* StreamerList.swift */; };
		DE7A1697280E3A20008F1886 /* Staging.swift in Sources */ = {isa = PBXBuildFile; fileRef = DE7A1671280E3A20008F1886 /* Staging.swift */; };
		DE7A1698280E3A20008F1886 /* Staging.swift in Sources */ = {isa = PBXBuildFile; fileRef = DE7A1671280E3A20008F1886 /* Staging.swift */; };
		DE7A1699280E3A20008F1886 /* Intro.swift in Sources */ = {isa = PBXBuildFile; fileRef = DE7A1672280E3A20008F1886 /* Intro.swift */; };
		DE7A169A280E3A20008F1886 /* Intro.swift in Sources */ = {isa = PBXBuildFile; fileRef = DE7A1672280E3A20008F1886 /* Intro.swift */; };
		DE7A169B280E3A20008F1886 /* SignIn.swift in Sources */ = {isa = PBXBuildFile; fileRef = DE7A1673280E3A20008F1886 /* SignIn.swift */; };
		DE7A169C280E3A20008F1886 /* SignIn.swift in Sources */ = {isa = PBXBuildFile; fileRef = DE7A1673280E3A20008F1886 /* SignIn.swift */; };
		DE7A169D280E3A20008F1886 /* FrameViewModel.swift in Sources */ = {isa = PBXBuildFile; fileRef = DE7A1675280E3A20008F1886 /* FrameViewModel.swift */; };
		DE7A169E280E3A20008F1886 /* FrameViewModel.swift in Sources */ = {isa = PBXBuildFile; fileRef = DE7A1675280E3A20008F1886 /* FrameViewModel.swift */; };
		DE7A16A7280E3A20008F1886 /* FrameSupplier.swift in Sources */ = {isa = PBXBuildFile; fileRef = DE7A167D280E3A20008F1886 /* FrameSupplier.swift */; };
		DE7A16A8280E3A20008F1886 /* FrameSupplier.swift in Sources */ = {isa = PBXBuildFile; fileRef = DE7A167D280E3A20008F1886 /* FrameSupplier.swift */; };
		DE7A16A9280E3A20008F1886 /* CameraError.swift in Sources */ = {isa = PBXBuildFile; fileRef = DE7A167E280E3A20008F1886 /* CameraError.swift */; };
		DE7A16AA280E3A20008F1886 /* CameraError.swift in Sources */ = {isa = PBXBuildFile; fileRef = DE7A167E280E3A20008F1886 /* CameraError.swift */; };
		DE7A16AB280E3A20008F1886 /* CameraManager.swift in Sources */ = {isa = PBXBuildFile; fileRef = DE7A167F280E3A20008F1886 /* CameraManager.swift */; };
		DE7A16AC280E3A20008F1886 /* CameraManager.swift in Sources */ = {isa = PBXBuildFile; fileRef = DE7A167F280E3A20008F1886 /* CameraManager.swift */; };
		DE7A16AD280E3A20008F1886 /* View.swift in Sources */ = {isa = PBXBuildFile; fileRef = DE7A1681280E3A20008F1886 /* View.swift */; };
		DE7A16AE280E3A20008F1886 /* View.swift in Sources */ = {isa = PBXBuildFile; fileRef = DE7A1681280E3A20008F1886 /* View.swift */; };
		DE7A16AF280E3A20008F1886 /* CGImage.swift in Sources */ = {isa = PBXBuildFile; fileRef = DE7A1682280E3A20008F1886 /* CGImage.swift */; };
		DE7A16B0280E3A20008F1886 /* CGImage.swift in Sources */ = {isa = PBXBuildFile; fileRef = DE7A1682280E3A20008F1886 /* CGImage.swift */; };
		DEA44B64284D14A500729989 /* joint-spm in Frameworks */ = {isa = PBXBuildFile; productRef = DEA44B63284D14A500729989 /* joint-spm */; };
		DEA44B66284D23AF00729989 /* Onboarding.swift in Sources */ = {isa = PBXBuildFile; fileRef = DEA44B65284D23AF00729989 /* Onboarding.swift */; };
		DEA44B67284D23AF00729989 /* Onboarding.swift in Sources */ = {isa = PBXBuildFile; fileRef = DEA44B65284D23AF00729989 /* Onboarding.swift */; };
		DEA44B6A284D2EFE00729989 /* SpecialElite-Regular.ttf in Resources */ = {isa = PBXBuildFile; fileRef = DEA44B69284D2EFE00729989 /* SpecialElite-Regular.ttf */; };
		DEA44B6B284D2EFE00729989 /* SpecialElite-Regular.ttf in Resources */ = {isa = PBXBuildFile; fileRef = DEA44B69284D2EFE00729989 /* SpecialElite-Regular.ttf */; };
		DEB32E492845540D00C187B5 /* NetworkCom.swift in Sources */ = {isa = PBXBuildFile; fileRef = DEB32E482845540D00C187B5 /* NetworkCom.swift */; };
		DEB32E4A2845540D00C187B5 /* NetworkCom.swift in Sources */ = {isa = PBXBuildFile; fileRef = DEB32E482845540D00C187B5 /* NetworkCom.swift */; };
/* End PBXBuildFile section */

/* Begin PBXContainerItemProxy section */
		DE7A1638280E39CF008F1886 /* PBXContainerItemProxy */ = {
			isa = PBXContainerItemProxy;
			containerPortal = DE7A161E280E39CD008F1886 /* Project object */;
			proxyType = 1;
			remoteGlobalIDString = DE7A1629280E39CF008F1886;
			remoteInfo = "Meliora (iOS)";
		};
		DE7A1644280E39CF008F1886 /* PBXContainerItemProxy */ = {
			isa = PBXContainerItemProxy;
			containerPortal = DE7A161E280E39CD008F1886 /* Project object */;
			proxyType = 1;
			remoteGlobalIDString = DE7A162F280E39CF008F1886;
			remoteInfo = "Meliora (macOS)";
		};
/* End PBXContainerItemProxy section */

/* Begin PBXCopyFilesBuildPhase section */
		DEB32E3828453C7F00C187B5 /* Embed Frameworks */ = {
			isa = PBXCopyFilesBuildPhase;
			buildActionMask = 2147483647;
			dstPath = "";
			dstSubfolderSpec = 10;
			files = (
			);
			name = "Embed Frameworks";
			runOnlyForDeploymentPostprocessing = 0;
		};
/* End PBXCopyFilesBuildPhase section */

/* Begin PBXFileReference section */
		17C6E607B9607C5C78A84A6C /* Pods-Meliora (iOS).debug.xcconfig */ = {isa = PBXFileReference; includeInIndex = 1; lastKnownFileType = text.xcconfig; name = "Pods-Meliora (iOS).debug.xcconfig"; path = "Target Support Files/Pods-Meliora (iOS)/Pods-Meliora (iOS).debug.xcconfig"; sourceTree = "<group>"; };
		CE93DC729DC5B9F7B71D63D9 /* Pods-Meliora (macOS).release.xcconfig */ = {isa = PBXFileReference; includeInIndex = 1; lastKnownFileType = text.xcconfig; name = "Pods-Meliora (macOS).release.xcconfig"; path = "Target Support Files/Pods-Meliora (macOS)/Pods-Meliora (macOS).release.xcconfig"; sourceTree = "<group>"; };
		CF0781F7A32E85D2184D8176 /* Pods_Meliora__macOS_.framework */ = {isa = PBXFileReference; explicitFileType = wrapper.framework; includeInIndex = 0; path = Pods_Meliora__macOS_.framework; sourceTree = BUILT_PRODUCTS_DIR; };
		DD65807BD7267580F9FCAC80 /* Pods-Meliora (macOS).debug.xcconfig */ = {isa = PBXFileReference; includeInIndex = 1; lastKnownFileType = text.xcconfig; name = "Pods-Meliora (macOS).debug.xcconfig"; path = "Target Support Files/Pods-Meliora (macOS)/Pods-Meliora (macOS).debug.xcconfig"; sourceTree = "<group>"; };
		DE2B4FC42848F00A007A0BFA /* AppUser.swift */ = {isa = PBXFileReference; lastKnownFileType = sourcecode.swift; path = AppUser.swift; sourceTree = "<group>"; };
		DE5B82A4280E3BAF00FB71B6 /* Meliora (iOS).entitlements */ = {isa = PBXFileReference; lastKnownFileType = text.plist.entitlements; path = "Meliora (iOS).entitlements"; sourceTree = "<group>"; };
		DE6B65D12821D18900056861 /* README.md */ = {isa = PBXFileReference; lastKnownFileType = net.daringfireball.markdown; path = README.md; sourceTree = "<group>"; };
		DE7A1623280E39CD008F1886 /* MelioraApp.swift */ = {isa = PBXFileReference; lastKnownFileType = sourcecode.swift; path = MelioraApp.swift; sourceTree = "<group>"; };
		DE7A1625280E39CF008F1886 /* Assets.xcassets */ = {isa = PBXFileReference; lastKnownFileType = folder.assetcatalog; path = Assets.xcassets; sourceTree = "<group>"; };
		DE7A162A280E39CF008F1886 /* Meliora.app */ = {isa = PBXFileReference; explicitFileType = wrapper.application; includeInIndex = 0; path = Meliora.app; sourceTree = BUILT_PRODUCTS_DIR; };
		DE7A1630280E39CF008F1886 /* Meliora.app */ = {isa = PBXFileReference; explicitFileType = wrapper.application; includeInIndex = 0; path = Meliora.app; sourceTree = BUILT_PRODUCTS_DIR; };
		DE7A1632280E39CF008F1886 /* macOS.entitlements */ = {isa = PBXFileReference; lastKnownFileType = text.plist.entitlements; path = macOS.entitlements; sourceTree = "<group>"; };
		DE7A1637280E39CF008F1886 /* Tests iOS.xctest */ = {isa = PBXFileReference; explicitFileType = wrapper.cfbundle; includeInIndex = 0; path = "Tests iOS.xctest"; sourceTree = BUILT_PRODUCTS_DIR; };
		DE7A163B280E39CF008F1886 /* Tests_iOS.swift */ = {isa = PBXFileReference; lastKnownFileType = sourcecode.swift; path = Tests_iOS.swift; sourceTree = "<group>"; };
		DE7A163D280E39CF008F1886 /* Tests_iOSLaunchTests.swift */ = {isa = PBXFileReference; lastKnownFileType = sourcecode.swift; path = Tests_iOSLaunchTests.swift; sourceTree = "<group>"; };
		DE7A1643280E39CF008F1886 /* Tests macOS.xctest */ = {isa = PBXFileReference; explicitFileType = wrapper.cfbundle; includeInIndex = 0; path = "Tests macOS.xctest"; sourceTree = BUILT_PRODUCTS_DIR; };
		DE7A1647280E39CF008F1886 /* Tests_macOS.swift */ = {isa = PBXFileReference; lastKnownFileType = sourcecode.swift; path = Tests_macOS.swift; sourceTree = "<group>"; };
		DE7A1649280E39CF008F1886 /* Tests_macOSLaunchTests.swift */ = {isa = PBXFileReference; lastKnownFileType = sourcecode.swift; path = Tests_macOSLaunchTests.swift; sourceTree = "<group>"; };
		DE7A1661280E3A20008F1886 /* Settings.swift */ = {isa = PBXFileReference; fileEncoding = 4; lastKnownFileType = sourcecode.swift; path = Settings.swift; sourceTree = "<group>"; };
		DE7A1663280E3A20008F1886 /* Identity.swift */ = {isa = PBXFileReference; fileEncoding = 4; lastKnownFileType = sourcecode.swift; path = Identity.swift; sourceTree = "<group>"; };
		DE7A1666280E3A20008F1886 /* Watching.swift */ = {isa = PBXFileReference; fileEncoding = 4; lastKnownFileType = sourcecode.swift; path = Watching.swift; sourceTree = "<group>"; };
		DE7A1667280E3A20008F1886 /* Network.swift */ = {isa = PBXFileReference; fileEncoding = 4; lastKnownFileType = sourcecode.swift; path = Network.swift; sourceTree = "<group>"; };
		DE7A1669280E3A20008F1886 /* LiveFeed.swift */ = {isa = PBXFileReference; fileEncoding = 4; lastKnownFileType = sourcecode.swift; path = LiveFeed.swift; sourceTree = "<group>"; };
		DE7A166A280E3A20008F1886 /* Session.swift */ = {isa = PBXFileReference; fileEncoding = 4; lastKnownFileType = sourcecode.swift; path = Session.swift; sourceTree = "<group>"; };
		DE7A166C280E3A20008F1886 /* CameraPermission.swift */ = {isa = PBXFileReference; fileEncoding = 4; lastKnownFileType = sourcecode.swift; path = CameraPermission.swift; sourceTree = "<group>"; };
		DE7A166D280E3A20008F1886 /* MicrophonePermission.swift */ = {isa = PBXFileReference; fileEncoding = 4; lastKnownFileType = sourcecode.swift; path = MicrophonePermission.swift; sourceTree = "<group>"; };
		DE7A166F280E3A20008F1886 /* StreamingControl.swift */ = {isa = PBXFileReference; fileEncoding = 4; lastKnownFileType = sourcecode.swift; path = StreamingControl.swift; sourceTree = "<group>"; };
		DE7A1670280E3A20008F1886 /* StreamerList.swift */ = {isa = PBXFileReference; fileEncoding = 4; lastKnownFileType = sourcecode.swift; path = StreamerList.swift; sourceTree = "<group>"; };
		DE7A1671280E3A20008F1886 /* Staging.swift */ = {isa = PBXFileReference; fileEncoding = 4; lastKnownFileType = sourcecode.swift; path = Staging.swift; sourceTree = "<group>"; };
		DE7A1672280E3A20008F1886 /* Intro.swift */ = {isa = PBXFileReference; fileEncoding = 4; lastKnownFileType = sourcecode.swift; path = Intro.swift; sourceTree = "<group>"; };
		DE7A1673280E3A20008F1886 /* SignIn.swift */ = {isa = PBXFileReference; fileEncoding = 4; lastKnownFileType = sourcecode.swift; path = SignIn.swift; sourceTree = "<group>"; };
		DE7A1675280E3A20008F1886 /* FrameViewModel.swift */ = {isa = PBXFileReference; fileEncoding = 4; lastKnownFileType = sourcecode.swift; path = FrameViewModel.swift; sourceTree = "<group>"; };
		DE7A167D280E3A20008F1886 /* FrameSupplier.swift */ = {isa = PBXFileReference; fileEncoding = 4; lastKnownFileType = sourcecode.swift; path = FrameSupplier.swift; sourceTree = "<group>"; };
		DE7A167E280E3A20008F1886 /* CameraError.swift */ = {isa = PBXFileReference; fileEncoding = 4; lastKnownFileType = sourcecode.swift; path = CameraError.swift; sourceTree = "<group>"; };
		DE7A167F280E3A20008F1886 /* CameraManager.swift */ = {isa = PBXFileReference; fileEncoding = 4; lastKnownFileType = sourcecode.swift; path = CameraManager.swift; sourceTree = "<group>"; };
		DE7A1681280E3A20008F1886 /* View.swift */ = {isa = PBXFileReference; fileEncoding = 4; lastKnownFileType = sourcecode.swift; path = View.swift; sourceTree = "<group>"; };
		DE7A1682280E3A20008F1886 /* CGImage.swift */ = {isa = PBXFileReference; fileEncoding = 4; lastKnownFileType = sourcecode.swift; path = CGImage.swift; sourceTree = "<group>"; };
		DE7A16B1280E3A7D008F1886 /* Meliora--iOS--Info.plist */ = {isa = PBXFileReference; lastKnownFileType = text.plist; path = "Meliora--iOS--Info.plist"; sourceTree = "<group>"; };
		DEA44B65284D23AF00729989 /* Onboarding.swift */ = {isa = PBXFileReference; lastKnownFileType = sourcecode.swift; path = Onboarding.swift; sourceTree = "<group>"; };
		DEA44B69284D2EFE00729989 /* SpecialElite-Regular.ttf */ = {isa = PBXFileReference; lastKnownFileType = file; path = "SpecialElite-Regular.ttf"; sourceTree = "<group>"; };
		DEB32E482845540D00C187B5 /* NetworkCom.swift */ = {isa = PBXFileReference; lastKnownFileType = sourcecode.swift; path = NetworkCom.swift; sourceTree = "<group>"; };
		E2F4DC952F412A63702194DC /* Pods_Meliora__iOS_.framework */ = {isa = PBXFileReference; explicitFileType = wrapper.framework; includeInIndex = 0; path = Pods_Meliora__iOS_.framework; sourceTree = BUILT_PRODUCTS_DIR; };
		FDC9B16488216A1BA1756256 /* Pods-Meliora (iOS).release.xcconfig */ = {isa = PBXFileReference; includeInIndex = 1; lastKnownFileType = text.xcconfig; name = "Pods-Meliora (iOS).release.xcconfig"; path = "Target Support Files/Pods-Meliora (iOS)/Pods-Meliora (iOS).release.xcconfig"; sourceTree = "<group>"; };
/* End PBXFileReference section */

/* Begin PBXFrameworksBuildPhase section */
		DE7A1627280E39CF008F1886 /* Frameworks */ = {
			isa = PBXFrameworksBuildPhase;
			buildActionMask = 2147483647;
			files = (
				DEA44B64284D14A500729989 /* joint-spm in Frameworks */,
				087A4A103FAAE9FE6E0792E1 /* Pods_Meliora__iOS_.framework in Frameworks */,
			);
			runOnlyForDeploymentPostprocessing = 0;
		};
		DE7A162D280E39CF008F1886 /* Frameworks */ = {
			isa = PBXFrameworksBuildPhase;
			buildActionMask = 2147483647;
			files = (
				98499605000A69408BE1052A /* Pods_Meliora__macOS_.framework in Frameworks */,
			);
			runOnlyForDeploymentPostprocessing = 0;
		};
		DE7A1634280E39CF008F1886 /* Frameworks */ = {
			isa = PBXFrameworksBuildPhase;
			buildActionMask = 2147483647;
			files = (
			);
			runOnlyForDeploymentPostprocessing = 0;
		};
		DE7A1640280E39CF008F1886 /* Frameworks */ = {
			isa = PBXFrameworksBuildPhase;
			buildActionMask = 2147483647;
			files = (
			);
			runOnlyForDeploymentPostprocessing = 0;
		};
/* End PBXFrameworksBuildPhase section */

/* Begin PBXGroup section */
		0D942F98304F4AEEFCA3D32D /* Pods */ = {
			isa = PBXGroup;
			children = (
				17C6E607B9607C5C78A84A6C /* Pods-Meliora (iOS).debug.xcconfig */,
				FDC9B16488216A1BA1756256 /* Pods-Meliora (iOS).release.xcconfig */,
				DD65807BD7267580F9FCAC80 /* Pods-Meliora (macOS).debug.xcconfig */,
				CE93DC729DC5B9F7B71D63D9 /* Pods-Meliora (macOS).release.xcconfig */,
			);
			path = Pods;
			sourceTree = "<group>";
		};
		DE152DC2284EB37500F5E0ED /* Onboarding */ = {
			isa = PBXGroup;
			children = (
				DEA44B65284D23AF00729989 /* Onboarding.swift */,
			);
			path = Onboarding;
			sourceTree = "<group>";
		};
		DE7A161D280E39CD008F1886 = {
			isa = PBXGroup;
			children = (
				DE6B65D12821D18900056861 /* README.md */,
				DE5B82A4280E3BAF00FB71B6 /* Meliora (iOS).entitlements */,
				DE7A16B1280E3A7D008F1886 /* Meliora--iOS--Info.plist */,
				DE7A1622280E39CD008F1886 /* Shared */,
				DE7A1631280E39CF008F1886 /* macOS */,
				DE7A163A280E39CF008F1886 /* Tests iOS */,
				DE7A1646280E39CF008F1886 /* Tests macOS */,
				DE7A162B280E39CF008F1886 /* Products */,
				DE7A16B2280E3A9D008F1886 /* Frameworks */,
				0D942F98304F4AEEFCA3D32D /* Pods */,
			);
			sourceTree = "<group>";
		};
		DE7A1622280E39CD008F1886 /* Shared */ = {
			isa = PBXGroup;
			children = (
				DEA44B68284D2EEF00729989 /* Fonts */,
				DE7A1623280E39CD008F1886 /* MelioraApp.swift */,
				DE7A1676280E3A20008F1886 /* Data Models */,
				DE7A165F280E3A20008F1886 /* Views */,
				DE7A167B280E3A20008F1886 /* Utility */,
				DE7A1674280E3A20008F1886 /* View Models */,
				DE7A1625280E39CF008F1886 /* Assets.xcassets */,
			);
			path = Shared;
			sourceTree = "<group>";
		};
		DE7A162B280E39CF008F1886 /* Products */ = {
			isa = PBXGroup;
			children = (
				DE7A162A280E39CF008F1886 /* Meliora.app */,
				DE7A1630280E39CF008F1886 /* Meliora.app */,
				DE7A1637280E39CF008F1886 /* Tests iOS.xctest */,
				DE7A1643280E39CF008F1886 /* Tests macOS.xctest */,
			);
			name = Products;
			sourceTree = "<group>";
		};
		DE7A1631280E39CF008F1886 /* macOS */ = {
			isa = PBXGroup;
			children = (
				DE7A1632280E39CF008F1886 /* macOS.entitlements */,
			);
			path = macOS;
			sourceTree = "<group>";
		};
		DE7A163A280E39CF008F1886 /* Tests iOS */ = {
			isa = PBXGroup;
			children = (
				DE7A163B280E39CF008F1886 /* Tests_iOS.swift */,
				DE7A163D280E39CF008F1886 /* Tests_iOSLaunchTests.swift */,
			);
			path = "Tests iOS";
			sourceTree = "<group>";
		};
		DE7A1646280E39CF008F1886 /* Tests macOS */ = {
			isa = PBXGroup;
			children = (
				DE7A1647280E39CF008F1886 /* Tests_macOS.swift */,
				DE7A1649280E39CF008F1886 /* Tests_macOSLaunchTests.swift */,
			);
			path = "Tests macOS";
			sourceTree = "<group>";
		};
		DE7A165F280E3A20008F1886 /* Views */ = {
			isa = PBXGroup;
			children = (
				DE7A1672280E3A20008F1886 /* Intro.swift */,
				DE7A1673280E3A20008F1886 /* SignIn.swift */,
				DE7A1662280E3A20008F1886 /* Lobby */,
				DE7A1660280E3A20008F1886 /* Settings */,
			);
			path = Views;
			sourceTree = "<group>";
		};
		DE7A1660280E3A20008F1886 /* Settings */ = {
			isa = PBXGroup;
			children = (
				DE7A1661280E3A20008F1886 /* Settings.swift */,
			);
			path = Settings;
			sourceTree = "<group>";
		};
		DE7A1662280E3A20008F1886 /* Lobby */ = {
			isa = PBXGroup;
			children = (
				DE152DC2284EB37500F5E0ED /* Onboarding */,
				DE7A1664280E3A20008F1886 /* Network */,
			);
			path = Lobby;
			sourceTree = "<group>";
		};
		DE7A1664280E3A20008F1886 /* Network */ = {
			isa = PBXGroup;
			children = (
				DE7A1663280E3A20008F1886 /* Identity.swift */,
				DE7A1667280E3A20008F1886 /* Network.swift */,
				DE7A1670280E3A20008F1886 /* StreamerList.swift */,
				DE7A1665280E3A20008F1886 /* Watching */,
				DE7A1668280E3A20008F1886 /* Streaming */,
			);
			path = Network;
			sourceTree = "<group>";
		};
		DE7A1665280E3A20008F1886 /* Watching */ = {
			isa = PBXGroup;
			children = (
				DE7A1666280E3A20008F1886 /* Watching.swift */,
			);
			path = Watching;
			sourceTree = "<group>";
		};
		DE7A1668280E3A20008F1886 /* Streaming */ = {
			isa = PBXGroup;
			children = (
				DE7A1671280E3A20008F1886 /* Staging.swift */,
				DE7A1669280E3A20008F1886 /* LiveFeed.swift */,
				DE7A166B280E3A20008F1886 /* Permissions */,
				DE7A166E280E3A20008F1886 /* Controls */,
			);
			path = Streaming;
			sourceTree = "<group>";
		};
		DE7A166B280E3A20008F1886 /* Permissions */ = {
			isa = PBXGroup;
			children = (
				DE7A166C280E3A20008F1886 /* CameraPermission.swift */,
				DE7A166D280E3A20008F1886 /* MicrophonePermission.swift */,
			);
			path = Permissions;
			sourceTree = "<group>";
		};
		DE7A166E280E3A20008F1886 /* Controls */ = {
			isa = PBXGroup;
			children = (
				DE7A166F280E3A20008F1886 /* StreamingControl.swift */,
			);
			path = Controls;
			sourceTree = "<group>";
		};
		DE7A1674280E3A20008F1886 /* View Models */ = {
			isa = PBXGroup;
			children = (
				DE7A1675280E3A20008F1886 /* FrameViewModel.swift */,
			);
			path = "View Models";
			sourceTree = "<group>";
		};
		DE7A1676280E3A20008F1886 /* Data Models */ = {
			isa = PBXGroup;
			children = (
				DE2B4FC42848F00A007A0BFA /* AppUser.swift */,
			);
			path = "Data Models";
			sourceTree = "<group>";
		};
		DE7A167B280E3A20008F1886 /* Utility */ = {
			isa = PBXGroup;
			children = (
				DEB32E482845540D00C187B5 /* NetworkCom.swift */,
				DE7A166A280E3A20008F1886 /* Session.swift */,
				DE7A167C280E3A20008F1886 /* AV */,
				DE7A1680280E3A20008F1886 /* Extensions */,
			);
			path = Utility;
			sourceTree = "<group>";
		};
		DE7A167C280E3A20008F1886 /* AV */ = {
			isa = PBXGroup;
			children = (
				DE7A167D280E3A20008F1886 /* FrameSupplier.swift */,
				DE7A167E280E3A20008F1886 /* CameraError.swift */,
				DE7A167F280E3A20008F1886 /* CameraManager.swift */,
			);
			path = AV;
			sourceTree = "<group>";
		};
		DE7A1680280E3A20008F1886 /* Extensions */ = {
			isa = PBXGroup;
			children = (
				DE7A1681280E3A20008F1886 /* View.swift */,
				DE7A1682280E3A20008F1886 /* CGImage.swift */,
			);
			path = Extensions;
			sourceTree = "<group>";
		};
		DE7A16B2280E3A9D008F1886 /* Frameworks */ = {
			isa = PBXGroup;
			children = (
				E2F4DC952F412A63702194DC /* Pods_Meliora__iOS_.framework */,
				CF0781F7A32E85D2184D8176 /* Pods_Meliora__macOS_.framework */,
			);
			name = Frameworks;
			sourceTree = "<group>";
		};
		DEA44B68284D2EEF00729989 /* Fonts */ = {
			isa = PBXGroup;
			children = (
				DEA44B69284D2EFE00729989 /* SpecialElite-Regular.ttf */,
			);
			path = Fonts;
			sourceTree = "<group>";
		};
/* End PBXGroup section */

/* Begin PBXNativeTarget section */
		DE7A1629280E39CF008F1886 /* Meliora (iOS) */ = {
			isa = PBXNativeTarget;
			buildConfigurationList = DE7A1653280E39CF008F1886 /* Build configuration list for PBXNativeTarget "Meliora (iOS)" */;
			buildPhases = (
				191A787F101A3ACD728DBCCD /* [CP] Check Pods Manifest.lock */,
				DE7A1626280E39CF008F1886 /* Sources */,
				DE7A1627280E39CF008F1886 /* Frameworks */,
				DE7A1628280E39CF008F1886 /* Resources */,
				E02D4E944004190FE7DDC01B /* [CP] Embed Pods Frameworks */,
				DEB32E3828453C7F00C187B5 /* Embed Frameworks */,
			);
			buildRules = (
			);
			dependencies = (
			);
			name = "Meliora (iOS)";
			packageProductDependencies = (
				DEA44B63284D14A500729989 /* joint-spm */,
			);
			productName = "Meliora (iOS)";
			productReference = DE7A162A280E39CF008F1886 /* Meliora.app */;
			productType = "com.apple.product-type.application";
		};
		DE7A162F280E39CF008F1886 /* Meliora (macOS) */ = {
			isa = PBXNativeTarget;
			buildConfigurationList = DE7A1656280E39CF008F1886 /* Build configuration list for PBXNativeTarget "Meliora (macOS)" */;
			buildPhases = (
				35417D8F5E6FA66ABEEC6A2B /* [CP] Check Pods Manifest.lock */,
				DE7A162C280E39CF008F1886 /* Sources */,
				DE7A162D280E39CF008F1886 /* Frameworks */,
				DE7A162E280E39CF008F1886 /* Resources */,
			);
			buildRules = (
			);
			dependencies = (
			);
			name = "Meliora (macOS)";
			productName = "Meliora (macOS)";
			productReference = DE7A1630280E39CF008F1886 /* Meliora.app */;
			productType = "com.apple.product-type.application";
		};
		DE7A1636280E39CF008F1886 /* Tests iOS */ = {
			isa = PBXNativeTarget;
			buildConfigurationList = DE7A1659280E39CF008F1886 /* Build configuration list for PBXNativeTarget "Tests iOS" */;
			buildPhases = (
				DE7A1633280E39CF008F1886 /* Sources */,
				DE7A1634280E39CF008F1886 /* Frameworks */,
				DE7A1635280E39CF008F1886 /* Resources */,
			);
			buildRules = (
			);
			dependencies = (
				DE7A1639280E39CF008F1886 /* PBXTargetDependency */,
			);
			name = "Tests iOS";
			productName = "Tests iOS";
			productReference = DE7A1637280E39CF008F1886 /* Tests iOS.xctest */;
			productType = "com.apple.product-type.bundle.ui-testing";
		};
		DE7A1642280E39CF008F1886 /* Tests macOS */ = {
			isa = PBXNativeTarget;
			buildConfigurationList = DE7A165C280E39CF008F1886 /* Build configuration list for PBXNativeTarget "Tests macOS" */;
			buildPhases = (
				DE7A163F280E39CF008F1886 /* Sources */,
				DE7A1640280E39CF008F1886 /* Frameworks */,
				DE7A1641280E39CF008F1886 /* Resources */,
			);
			buildRules = (
			);
			dependencies = (
				DE7A1645280E39CF008F1886 /* PBXTargetDependency */,
			);
			name = "Tests macOS";
			productName = "Tests macOS";
			productReference = DE7A1643280E39CF008F1886 /* Tests macOS.xctest */;
			productType = "com.apple.product-type.bundle.ui-testing";
		};
/* End PBXNativeTarget section */

/* Begin PBXProject section */
		DE7A161E280E39CD008F1886 /* Project object */ = {
			isa = PBXProject;
			attributes = {
				BuildIndependentTargetsInParallel = 1;
				LastSwiftUpdateCheck = 1330;
				LastUpgradeCheck = 1330;
				TargetAttributes = {
					DE7A1629280E39CF008F1886 = {
						CreatedOnToolsVersion = 13.3.1;
					};
					DE7A162F280E39CF008F1886 = {
						CreatedOnToolsVersion = 13.3.1;
					};
					DE7A1636280E39CF008F1886 = {
						CreatedOnToolsVersion = 13.3.1;
						TestTargetID = DE7A1629280E39CF008F1886;
					};
					DE7A1642280E39CF008F1886 = {
						CreatedOnToolsVersion = 13.3.1;
						TestTargetID = DE7A162F280E39CF008F1886;
					};
				};
			};
			buildConfigurationList = DE7A1621280E39CD008F1886 /* Build configuration list for PBXProject "Meliora" */;
			compatibilityVersion = "Xcode 13.0";
			developmentRegion = en;
			hasScannedForEncodings = 0;
			knownRegions = (
				en,
				Base,
			);
			mainGroup = DE7A161D280E39CD008F1886;
			packageReferences = (
				DEA44B62284D14A500729989 /* XCRemoteSwiftPackageReference "joint-spm" */,
			);
			productRefGroup = DE7A162B280E39CF008F1886 /* Products */;
			projectDirPath = "";
			projectRoot = "";
			targets = (
				DE7A1629280E39CF008F1886 /* Meliora (iOS) */,
				DE7A162F280E39CF008F1886 /* Meliora (macOS) */,
				DE7A1636280E39CF008F1886 /* Tests iOS */,
				DE7A1642280E39CF008F1886 /* Tests macOS */,
			);
		};
/* End PBXProject section */

/* Begin PBXResourcesBuildPhase section */
		DE7A1628280E39CF008F1886 /* Resources */ = {
			isa = PBXResourcesBuildPhase;
			buildActionMask = 2147483647;
			files = (
				DE7A164F280E39CF008F1886 /* Assets.xcassets in Resources */,
				DEA44B6A284D2EFE00729989 /* SpecialElite-Regular.ttf in Resources */,
			);
			runOnlyForDeploymentPostprocessing = 0;
		};
		DE7A162E280E39CF008F1886 /* Resources */ = {
			isa = PBXResourcesBuildPhase;
			buildActionMask = 2147483647;
			files = (
				DE7A1650280E39CF008F1886 /* Assets.xcassets in Resources */,
				DEA44B6B284D2EFE00729989 /* SpecialElite-Regular.ttf in Resources */,
			);
			runOnlyForDeploymentPostprocessing = 0;
		};
		DE7A1635280E39CF008F1886 /* Resources */ = {
			isa = PBXResourcesBuildPhase;
			buildActionMask = 2147483647;
			files = (
			);
			runOnlyForDeploymentPostprocessing = 0;
		};
		DE7A1641280E39CF008F1886 /* Resources */ = {
			isa = PBXResourcesBuildPhase;
			buildActionMask = 2147483647;
			files = (
			);
			runOnlyForDeploymentPostprocessing = 0;
		};
/* End PBXResourcesBuildPhase section */

/* Begin PBXShellScriptBuildPhase section */
		191A787F101A3ACD728DBCCD /* [CP] Check Pods Manifest.lock */ = {
			isa = PBXShellScriptBuildPhase;
			buildActionMask = 2147483647;
			files = (
			);
			inputFileListPaths = (
			);
			inputPaths = (
				"${PODS_PODFILE_DIR_PATH}/Podfile.lock",
				"${PODS_ROOT}/Manifest.lock",
			);
			name = "[CP] Check Pods Manifest.lock";
			outputFileListPaths = (
			);
			outputPaths = (
				"$(DERIVED_FILE_DIR)/Pods-Meliora (iOS)-checkManifestLockResult.txt",
			);
			runOnlyForDeploymentPostprocessing = 0;
			shellPath = /bin/sh;
			shellScript = "diff \"${PODS_PODFILE_DIR_PATH}/Podfile.lock\" \"${PODS_ROOT}/Manifest.lock\" > /dev/null\nif [ $? != 0 ] ; then\n    # print error to STDERR\n    echo \"error: The sandbox is not in sync with the Podfile.lock. Run 'pod install' or update your CocoaPods installation.\" >&2\n    exit 1\nfi\n# This output is used by Xcode 'outputs' to avoid re-running this script phase.\necho \"SUCCESS\" > \"${SCRIPT_OUTPUT_FILE_0}\"\n";
			showEnvVarsInLog = 0;
		};
		35417D8F5E6FA66ABEEC6A2B /* [CP] Check Pods Manifest.lock */ = {
			isa = PBXShellScriptBuildPhase;
			buildActionMask = 2147483647;
			files = (
			);
			inputFileListPaths = (
			);
			inputPaths = (
				"${PODS_PODFILE_DIR_PATH}/Podfile.lock",
				"${PODS_ROOT}/Manifest.lock",
			);
			name = "[CP] Check Pods Manifest.lock";
			outputFileListPaths = (
			);
			outputPaths = (
				"$(DERIVED_FILE_DIR)/Pods-Meliora (macOS)-checkManifestLockResult.txt",
			);
			runOnlyForDeploymentPostprocessing = 0;
			shellPath = /bin/sh;
			shellScript = "diff \"${PODS_PODFILE_DIR_PATH}/Podfile.lock\" \"${PODS_ROOT}/Manifest.lock\" > /dev/null\nif [ $? != 0 ] ; then\n    # print error to STDERR\n    echo \"error: The sandbox is not in sync with the Podfile.lock. Run 'pod install' or update your CocoaPods installation.\" >&2\n    exit 1\nfi\n# This output is used by Xcode 'outputs' to avoid re-running this script phase.\necho \"SUCCESS\" > \"${SCRIPT_OUTPUT_FILE_0}\"\n";
			showEnvVarsInLog = 0;
		};
		E02D4E944004190FE7DDC01B /* [CP] Embed Pods Frameworks */ = {
			isa = PBXShellScriptBuildPhase;
			buildActionMask = 2147483647;
			files = (
			);
			inputFileListPaths = (
				"${PODS_ROOT}/Target Support Files/Pods-Meliora (iOS)/Pods-Meliora (iOS)-frameworks-${CONFIGURATION}-input-files.xcfilelist",
			);
			name = "[CP] Embed Pods Frameworks";
			outputFileListPaths = (
				"${PODS_ROOT}/Target Support Files/Pods-Meliora (iOS)/Pods-Meliora (iOS)-frameworks-${CONFIGURATION}-output-files.xcfilelist",
			);
			runOnlyForDeploymentPostprocessing = 0;
			shellPath = /bin/sh;
			shellScript = "\"${PODS_ROOT}/Target Support Files/Pods-Meliora (iOS)/Pods-Meliora (iOS)-frameworks.sh\"\n";
			showEnvVarsInLog = 0;
		};
/* End PBXShellScriptBuildPhase section */

/* Begin PBXSourcesBuildPhase section */
		DE7A1626280E39CF008F1886 /* Sources */ = {
			isa = PBXSourcesBuildPhase;
			buildActionMask = 2147483647;
			files = (
				DE7A168D280E3A20008F1886 /* Session.swift in Sources */,
				DE7A1689280E3A20008F1886 /* Network.swift in Sources */,
				DE7A1697280E3A20008F1886 /* Staging.swift in Sources */,
				DE7A1683280E3A20008F1886 /* Settings.swift in Sources */,
				DE7A16A7280E3A20008F1886 /* FrameSupplier.swift in Sources */,
				DE7A169D280E3A20008F1886 /* FrameViewModel.swift in Sources */,
				DE7A168F280E3A20008F1886 /* CameraPermission.swift in Sources */,
				DE7A16AD280E3A20008F1886 /* View.swift in Sources */,
				DE7A1699280E3A20008F1886 /* Intro.swift in Sources */,
				DE7A16AB280E3A20008F1886 /* CameraManager.swift in Sources */,
				DE7A1685280E3A20008F1886 /* Identity.swift in Sources */,
				DE7A168B280E3A20008F1886 /* LiveFeed.swift in Sources */,
				DEA44B66284D23AF00729989 /* Onboarding.swift in Sources */,
				DE7A1687280E3A20008F1886 /* Watching.swift in Sources */,
				DE7A1695280E3A20008F1886 /* StreamerList.swift in Sources */,
				DE2B4FC52848F00A007A0BFA /* AppUser.swift in Sources */,
				DE7A1691280E3A20008F1886 /* MicrophonePermission.swift in Sources */,
				DE7A169B280E3A20008F1886 /* SignIn.swift in Sources */,
				DE7A1693280E3A20008F1886 /* StreamingControl.swift in Sources */,
				DE7A16AF280E3A20008F1886 /* CGImage.swift in Sources */,
				DE7A164B280E39CF008F1886 /* MelioraApp.swift in Sources */,
				DE7A16A9280E3A20008F1886 /* CameraError.swift in Sources */,
				DEB32E492845540D00C187B5 /* NetworkCom.swift in Sources */,
			);
			runOnlyForDeploymentPostprocessing = 0;
		};
		DE7A162C280E39CF008F1886 /* Sources */ = {
			isa = PBXSourcesBuildPhase;
			buildActionMask = 2147483647;
			files = (
				DE7A168E280E3A20008F1886 /* Session.swift in Sources */,
				DE7A168A280E3A20008F1886 /* Network.swift in Sources */,
				DE7A1698280E3A20008F1886 /* Staging.swift in Sources */,
				DE7A1684280E3A20008F1886 /* Settings.swift in Sources */,
				DE7A16A8280E3A20008F1886 /* FrameSupplier.swift in Sources */,
				DE7A169E280E3A20008F1886 /* FrameViewModel.swift in Sources */,
				DE7A1690280E3A20008F1886 /* CameraPermission.swift in Sources */,
				DE7A16AE280E3A20008F1886 /* View.swift in Sources */,
				DE7A169A280E3A20008F1886 /* Intro.swift in Sources */,
				DE7A16AC280E3A20008F1886 /* CameraManager.swift in Sources */,
				DEA44B67284D23AF00729989 /* Onboarding.swift in Sources */,
				DE7A1686280E3A20008F1886 /* Identity.swift in Sources */,
				DE7A168C280E3A20008F1886 /* LiveFeed.swift in Sources */,
				DE7A1688280E3A20008F1886 /* Watching.swift in Sources */,
				DE7A1696280E3A20008F1886 /* StreamerList.swift in Sources */,
				DE7A1692280E3A20008F1886 /* MicrophonePermission.swift in Sources */,
				DE7A169C280E3A20008F1886 /* SignIn.swift in Sources */,
				DE7A1694280E3A20008F1886 /* StreamingControl.swift in Sources */,
				DE7A16B0280E3A20008F1886 /* CGImage.swift in Sources */,
				DE7A164C280E39CF008F1886 /* MelioraApp.swift in Sources */,
				DE7A16AA280E3A20008F1886 /* CameraError.swift in Sources */,
				DEB32E4A2845540D00C187B5 /* NetworkCom.swift in Sources */,
			);
			runOnlyForDeploymentPostprocessing = 0;
		};
		DE7A1633280E39CF008F1886 /* Sources */ = {
			isa = PBXSourcesBuildPhase;
			buildActionMask = 2147483647;
			files = (
				DE7A163E280E39CF008F1886 /* Tests_iOSLaunchTests.swift in Sources */,
				DE7A163C280E39CF008F1886 /* Tests_iOS.swift in Sources */,
			);
			runOnlyForDeploymentPostprocessing = 0;
		};
		DE7A163F280E39CF008F1886 /* Sources */ = {
			isa = PBXSourcesBuildPhase;
			buildActionMask = 2147483647;
			files = (
				DE7A164A280E39CF008F1886 /* Tests_macOSLaunchTests.swift in Sources */,
				DE7A1648280E39CF008F1886 /* Tests_macOS.swift in Sources */,
			);
			runOnlyForDeploymentPostprocessing = 0;
		};
/* End PBXSourcesBuildPhase section */

/* Begin PBXTargetDependency section */
		DE7A1639280E39CF008F1886 /* PBXTargetDependency */ = {
			isa = PBXTargetDependency;
			target = DE7A1629280E39CF008F1886 /* Meliora (iOS) */;
			targetProxy = DE7A1638280E39CF008F1886 /* PBXContainerItemProxy */;
		};
		DE7A1645280E39CF008F1886 /* PBXTargetDependency */ = {
			isa = PBXTargetDependency;
			target = DE7A162F280E39CF008F1886 /* Meliora (macOS) */;
			targetProxy = DE7A1644280E39CF008F1886 /* PBXContainerItemProxy */;
		};
/* End PBXTargetDependency section */

/* Begin XCBuildConfiguration section */
		DE7A1651280E39CF008F1886 /* Debug */ = {
			isa = XCBuildConfiguration;
			buildSettings = {
				ALWAYS_SEARCH_USER_PATHS = NO;
				CLANG_ANALYZER_NONNULL = YES;
				CLANG_ANALYZER_NUMBER_OBJECT_CONVERSION = YES_AGGRESSIVE;
				CLANG_CXX_LANGUAGE_STANDARD = "gnu++17";
				CLANG_ENABLE_MODULES = YES;
				CLANG_ENABLE_OBJC_ARC = YES;
				CLANG_ENABLE_OBJC_WEAK = YES;
				CLANG_WARN_BLOCK_CAPTURE_AUTORELEASING = YES;
				CLANG_WARN_BOOL_CONVERSION = YES;
				CLANG_WARN_COMMA = YES;
				CLANG_WARN_CONSTANT_CONVERSION = YES;
				CLANG_WARN_DEPRECATED_OBJC_IMPLEMENTATIONS = YES;
				CLANG_WARN_DIRECT_OBJC_ISA_USAGE = YES_ERROR;
				CLANG_WARN_DOCUMENTATION_COMMENTS = YES;
				CLANG_WARN_EMPTY_BODY = YES;
				CLANG_WARN_ENUM_CONVERSION = YES;
				CLANG_WARN_INFINITE_RECURSION = YES;
				CLANG_WARN_INT_CONVERSION = YES;
				CLANG_WARN_NON_LITERAL_NULL_CONVERSION = YES;
				CLANG_WARN_OBJC_IMPLICIT_RETAIN_SELF = YES;
				CLANG_WARN_OBJC_LITERAL_CONVERSION = YES;
				CLANG_WARN_OBJC_ROOT_CLASS = YES_ERROR;
				CLANG_WARN_QUOTED_INCLUDE_IN_FRAMEWORK_HEADER = YES;
				CLANG_WARN_RANGE_LOOP_ANALYSIS = YES;
				CLANG_WARN_STRICT_PROTOTYPES = YES;
				CLANG_WARN_SUSPICIOUS_MOVE = YES;
				CLANG_WARN_UNGUARDED_AVAILABILITY = YES_AGGRESSIVE;
				CLANG_WARN_UNREACHABLE_CODE = YES;
				CLANG_WARN__DUPLICATE_METHOD_MATCH = YES;
				COPY_PHASE_STRIP = NO;
				DEBUG_INFORMATION_FORMAT = dwarf;
				ENABLE_STRICT_OBJC_MSGSEND = YES;
				ENABLE_TESTABILITY = YES;
				GCC_C_LANGUAGE_STANDARD = gnu11;
				GCC_DYNAMIC_NO_PIC = NO;
				GCC_NO_COMMON_BLOCKS = YES;
				GCC_OPTIMIZATION_LEVEL = 0;
				GCC_PREPROCESSOR_DEFINITIONS = (
					"DEBUG=1",
					"$(inherited)",
				);
				GCC_WARN_64_TO_32_BIT_CONVERSION = YES;
				GCC_WARN_ABOUT_RETURN_TYPE = YES_ERROR;
				GCC_WARN_UNDECLARED_SELECTOR = YES;
				GCC_WARN_UNINITIALIZED_AUTOS = YES_AGGRESSIVE;
				GCC_WARN_UNUSED_FUNCTION = YES;
				GCC_WARN_UNUSED_VARIABLE = YES;
				MTL_ENABLE_DEBUG_INFO = INCLUDE_SOURCE;
				MTL_FAST_MATH = YES;
				ONLY_ACTIVE_ARCH = YES;
				SWIFT_ACTIVE_COMPILATION_CONDITIONS = DEBUG;
				SWIFT_OPTIMIZATION_LEVEL = "-Onone";
			};
			name = Debug;
		};
		DE7A1652280E39CF008F1886 /* Release */ = {
			isa = XCBuildConfiguration;
			buildSettings = {
				ALWAYS_SEARCH_USER_PATHS = NO;
				CLANG_ANALYZER_NONNULL = YES;
				CLANG_ANALYZER_NUMBER_OBJECT_CONVERSION = YES_AGGRESSIVE;
				CLANG_CXX_LANGUAGE_STANDARD = "gnu++17";
				CLANG_ENABLE_MODULES = YES;
				CLANG_ENABLE_OBJC_ARC = YES;
				CLANG_ENABLE_OBJC_WEAK = YES;
				CLANG_WARN_BLOCK_CAPTURE_AUTORELEASING = YES;
				CLANG_WARN_BOOL_CONVERSION = YES;
				CLANG_WARN_COMMA = YES;
				CLANG_WARN_CONSTANT_CONVERSION = YES;
				CLANG_WARN_DEPRECATED_OBJC_IMPLEMENTATIONS = YES;
				CLANG_WARN_DIRECT_OBJC_ISA_USAGE = YES_ERROR;
				CLANG_WARN_DOCUMENTATION_COMMENTS = YES;
				CLANG_WARN_EMPTY_BODY = YES;
				CLANG_WARN_ENUM_CONVERSION = YES;
				CLANG_WARN_INFINITE_RECURSION = YES;
				CLANG_WARN_INT_CONVERSION = YES;
				CLANG_WARN_NON_LITERAL_NULL_CONVERSION = YES;
				CLANG_WARN_OBJC_IMPLICIT_RETAIN_SELF = YES;
				CLANG_WARN_OBJC_LITERAL_CONVERSION = YES;
				CLANG_WARN_OBJC_ROOT_CLASS = YES_ERROR;
				CLANG_WARN_QUOTED_INCLUDE_IN_FRAMEWORK_HEADER = YES;
				CLANG_WARN_RANGE_LOOP_ANALYSIS = YES;
				CLANG_WARN_STRICT_PROTOTYPES = YES;
				CLANG_WARN_SUSPICIOUS_MOVE = YES;
				CLANG_WARN_UNGUARDED_AVAILABILITY = YES_AGGRESSIVE;
				CLANG_WARN_UNREACHABLE_CODE = YES;
				CLANG_WARN__DUPLICATE_METHOD_MATCH = YES;
				COPY_PHASE_STRIP = NO;
				DEBUG_INFORMATION_FORMAT = "dwarf-with-dsym";
				ENABLE_NS_ASSERTIONS = NO;
				ENABLE_STRICT_OBJC_MSGSEND = YES;
				GCC_C_LANGUAGE_STANDARD = gnu11;
				GCC_NO_COMMON_BLOCKS = YES;
				GCC_WARN_64_TO_32_BIT_CONVERSION = YES;
				GCC_WARN_ABOUT_RETURN_TYPE = YES_ERROR;
				GCC_WARN_UNDECLARED_SELECTOR = YES;
				GCC_WARN_UNINITIALIZED_AUTOS = YES_AGGRESSIVE;
				GCC_WARN_UNUSED_FUNCTION = YES;
				GCC_WARN_UNUSED_VARIABLE = YES;
				MTL_ENABLE_DEBUG_INFO = NO;
				MTL_FAST_MATH = YES;
				SWIFT_COMPILATION_MODE = wholemodule;
				SWIFT_OPTIMIZATION_LEVEL = "-O";
			};
			name = Release;
		};
		DE7A1654280E39CF008F1886 /* Debug */ = {
			isa = XCBuildConfiguration;
			baseConfigurationReference = 17C6E607B9607C5C78A84A6C /* Pods-Meliora (iOS).debug.xcconfig */;
			buildSettings = {
				ASSETCATALOG_COMPILER_APPICON_NAME = AppIcon;
				ASSETCATALOG_COMPILER_GLOBAL_ACCENT_COLOR_NAME = AccentColor;
				CODE_SIGN_ENTITLEMENTS = "Meliora (iOS).entitlements";
				CODE_SIGN_STYLE = Automatic;
				CURRENT_PROJECT_VERSION = 1;
				DEFINES_MODULE = NO;
				DEVELOPMENT_TEAM = R6F5KHKKNX;
				ENABLE_BITCODE = NO;
				ENABLE_PREVIEWS = YES;
				FRAMEWORK_SEARCH_PATHS = $inherited;
				GENERATE_INFOPLIST_FILE = YES;
				HEADER_SEARCH_PATHS = "";
				INFOPLIST_FILE = "Meliora--iOS--Info.plist";
				INFOPLIST_KEY_NSCameraUsageDescription = "Allow camera permission to be able to start a cool stream.";
				INFOPLIST_KEY_NSMicrophoneUsageDescription = "Allow microphone permission to be able to start a cool stream.";
				INFOPLIST_KEY_UIApplicationSceneManifest_Generation = YES;
				INFOPLIST_KEY_UIApplicationSupportsIndirectInputEvents = YES;
				INFOPLIST_KEY_UILaunchScreen_Generation = YES;
				INFOPLIST_KEY_UISupportedInterfaceOrientations = UIInterfaceOrientationPortrait;
				INFOPLIST_KEY_UISupportedInterfaceOrientations_iPad = "UIInterfaceOrientationPortrait UIInterfaceOrientationPortraitUpsideDown UIInterfaceOrientationLandscapeLeft UIInterfaceOrientationLandscapeRight";
				INFOPLIST_KEY_UISupportedInterfaceOrientations_iPhone = "UIInterfaceOrientationPortrait UIInterfaceOrientationLandscapeLeft UIInterfaceOrientationLandscapeRight";
				IPHONEOS_DEPLOYMENT_TARGET = 15.4;
				LD_RUNPATH_SEARCH_PATHS = (
					"$(inherited)",
					"@executable_path/Frameworks",
				);
				MARKETING_VERSION = 1.0.4;
				PRODUCT_BUNDLE_IDENTIFIER = com.ghafla.aibo.Meliora;
				PRODUCT_NAME = Meliora;
				SDKROOT = iphoneos;
				SWIFT_EMIT_LOC_STRINGS = YES;
				SWIFT_INSTALL_OBJC_HEADER = YES;
				SWIFT_VERSION = 5.0;
				TARGETED_DEVICE_FAMILY = "1,2";
			};
			name = Debug;
		};
		DE7A1655280E39CF008F1886 /* Release */ = {
			isa = XCBuildConfiguration;
			baseConfigurationReference = FDC9B16488216A1BA1756256 /* Pods-Meliora (iOS).release.xcconfig */;
			buildSettings = {
				ASSETCATALOG_COMPILER_APPICON_NAME = AppIcon;
				ASSETCATALOG_COMPILER_GLOBAL_ACCENT_COLOR_NAME = AccentColor;
				CODE_SIGN_ENTITLEMENTS = "Meliora (iOS).entitlements";
				CODE_SIGN_STYLE = Automatic;
				CURRENT_PROJECT_VERSION = 1;
				DEFINES_MODULE = NO;
				DEVELOPMENT_TEAM = R6F5KHKKNX;
				ENABLE_BITCODE = NO;
				ENABLE_PREVIEWS = YES;
				FRAMEWORK_SEARCH_PATHS = $inherited;
				GENERATE_INFOPLIST_FILE = YES;
				HEADER_SEARCH_PATHS = "";
				INFOPLIST_FILE = "Meliora--iOS--Info.plist";
				INFOPLIST_KEY_NSCameraUsageDescription = "Allow camera permission to be able to start a cool stream.";
				INFOPLIST_KEY_NSMicrophoneUsageDescription = "Allow microphone permission to be able to start a cool stream.";
				INFOPLIST_KEY_UIApplicationSceneManifest_Generation = YES;
				INFOPLIST_KEY_UIApplicationSupportsIndirectInputEvents = YES;
				INFOPLIST_KEY_UILaunchScreen_Generation = YES;
				INFOPLIST_KEY_UISupportedInterfaceOrientations = UIInterfaceOrientationPortrait;
				INFOPLIST_KEY_UISupportedInterfaceOrientations_iPad = "UIInterfaceOrientationPortrait UIInterfaceOrientationPortraitUpsideDown UIInterfaceOrientationLandscapeLeft UIInterfaceOrientationLandscapeRight";
				INFOPLIST_KEY_UISupportedInterfaceOrientations_iPhone = "UIInterfaceOrientationPortrait UIInterfaceOrientationLandscapeLeft UIInterfaceOrientationLandscapeRight";
				IPHONEOS_DEPLOYMENT_TARGET = 15.4;
				LD_RUNPATH_SEARCH_PATHS = (
					"$(inherited)",
					"@executable_path/Frameworks",
				);
				MARKETING_VERSION = 1.0.4;
				PRODUCT_BUNDLE_IDENTIFIER = com.ghafla.aibo.Meliora;
				PRODUCT_NAME = Meliora;
				SDKROOT = iphoneos;
				SWIFT_EMIT_LOC_STRINGS = YES;
				SWIFT_INSTALL_OBJC_HEADER = YES;
				SWIFT_VERSION = 5.0;
				TARGETED_DEVICE_FAMILY = "1,2";
				VALIDATE_PRODUCT = YES;
			};
			name = Release;
		};
		DE7A1657280E39CF008F1886 /* Debug */ = {
			isa = XCBuildConfiguration;
			baseConfigurationReference = DD65807BD7267580F9FCAC80 /* Pods-Meliora (macOS).debug.xcconfig */;
			buildSettings = {
				ASSETCATALOG_COMPILER_APPICON_NAME = AppIcon;
				ASSETCATALOG_COMPILER_GLOBAL_ACCENT_COLOR_NAME = AccentColor;
				CODE_SIGN_ENTITLEMENTS = macOS/macOS.entitlements;
				CODE_SIGN_IDENTITY = "-";
				CODE_SIGN_STYLE = Automatic;
				COMBINE_HIDPI_IMAGES = YES;
				CURRENT_PROJECT_VERSION = 1;
				DEVELOPMENT_TEAM = R6F5KHKKNX;
				ENABLE_HARDENED_RUNTIME = YES;
				ENABLE_PREVIEWS = YES;
				GENERATE_INFOPLIST_FILE = YES;
				INFOPLIST_KEY_NSHumanReadableCopyright = "";
				LD_RUNPATH_SEARCH_PATHS = (
					"$(inherited)",
					"@executable_path/../Frameworks",
				);
				MACOSX_DEPLOYMENT_TARGET = 12.2;
				MARKETING_VERSION = 1.0;
				PRODUCT_BUNDLE_IDENTIFIER = com.ghafla.aibo.Meliora;
				PRODUCT_NAME = Meliora;
				SDKROOT = macosx;
				SWIFT_EMIT_LOC_STRINGS = YES;
				SWIFT_VERSION = 5.0;
			};
			name = Debug;
		};
		DE7A1658280E39CF008F1886 /* Release */ = {
			isa = XCBuildConfiguration;
			baseConfigurationReference = CE93DC729DC5B9F7B71D63D9 /* Pods-Meliora (macOS).release.xcconfig */;
			buildSettings = {
				ASSETCATALOG_COMPILER_APPICON_NAME = AppIcon;
				ASSETCATALOG_COMPILER_GLOBAL_ACCENT_COLOR_NAME = AccentColor;
				CODE_SIGN_ENTITLEMENTS = macOS/macOS.entitlements;
				CODE_SIGN_IDENTITY = "-";
				CODE_SIGN_STYLE = Automatic;
				COMBINE_HIDPI_IMAGES = YES;
				CURRENT_PROJECT_VERSION = 1;
				DEVELOPMENT_TEAM = R6F5KHKKNX;
				ENABLE_HARDENED_RUNTIME = YES;
				ENABLE_PREVIEWS = YES;
				GENERATE_INFOPLIST_FILE = YES;
				INFOPLIST_KEY_NSHumanReadableCopyright = "";
				LD_RUNPATH_SEARCH_PATHS = (
					"$(inherited)",
					"@executable_path/../Frameworks",
				);
				MACOSX_DEPLOYMENT_TARGET = 12.2;
				MARKETING_VERSION = 1.0;
				PRODUCT_BUNDLE_IDENTIFIER = com.ghafla.aibo.Meliora;
				PRODUCT_NAME = Meliora;
				SDKROOT = macosx;
				SWIFT_EMIT_LOC_STRINGS = YES;
				SWIFT_VERSION = 5.0;
			};
			name = Release;
		};
		DE7A165A280E39CF008F1886 /* Debug */ = {
			isa = XCBuildConfiguration;
			buildSettings = {
				ALWAYS_EMBED_SWIFT_STANDARD_LIBRARIES = YES;
				CODE_SIGN_STYLE = Automatic;
				CURRENT_PROJECT_VERSION = 1;
				DEVELOPMENT_TEAM = R6F5KHKKNX;
				GENERATE_INFOPLIST_FILE = YES;
				IPHONEOS_DEPLOYMENT_TARGET = 15.4;
				MARKETING_VERSION = 1.0;
				PRODUCT_BUNDLE_IDENTIFIER = "com.ghafla.aibo.Tests-iOS";
				PRODUCT_NAME = "$(TARGET_NAME)";
				SDKROOT = iphoneos;
				SWIFT_EMIT_LOC_STRINGS = NO;
				SWIFT_VERSION = 5.0;
				TARGETED_DEVICE_FAMILY = "1,2";
				TEST_TARGET_NAME = "Meliora (iOS)";
			};
			name = Debug;
		};
		DE7A165B280E39CF008F1886 /* Release */ = {
			isa = XCBuildConfiguration;
			buildSettings = {
				ALWAYS_EMBED_SWIFT_STANDARD_LIBRARIES = YES;
				CODE_SIGN_STYLE = Automatic;
				CURRENT_PROJECT_VERSION = 1;
				DEVELOPMENT_TEAM = R6F5KHKKNX;
				GENERATE_INFOPLIST_FILE = YES;
				IPHONEOS_DEPLOYMENT_TARGET = 15.4;
				MARKETING_VERSION = 1.0;
				PRODUCT_BUNDLE_IDENTIFIER = "com.ghafla.aibo.Tests-iOS";
				PRODUCT_NAME = "$(TARGET_NAME)";
				SDKROOT = iphoneos;
				SWIFT_EMIT_LOC_STRINGS = NO;
				SWIFT_VERSION = 5.0;
				TARGETED_DEVICE_FAMILY = "1,2";
				TEST_TARGET_NAME = "Meliora (iOS)";
				VALIDATE_PRODUCT = YES;
			};
			name = Release;
		};
		DE7A165D280E39CF008F1886 /* Debug */ = {
			isa = XCBuildConfiguration;
			buildSettings = {
				ALWAYS_EMBED_SWIFT_STANDARD_LIBRARIES = YES;
				CODE_SIGN_STYLE = Automatic;
				CURRENT_PROJECT_VERSION = 1;
				DEVELOPMENT_TEAM = R6F5KHKKNX;
				GENERATE_INFOPLIST_FILE = YES;
				MACOSX_DEPLOYMENT_TARGET = 12.2;
				MARKETING_VERSION = 1.0;
				PRODUCT_BUNDLE_IDENTIFIER = "com.ghafla.aibo.Tests-macOS";
				PRODUCT_NAME = "$(TARGET_NAME)";
				SDKROOT = macosx;
				SWIFT_EMIT_LOC_STRINGS = NO;
				SWIFT_VERSION = 5.0;
				TEST_TARGET_NAME = "Meliora (macOS)";
			};
			name = Debug;
		};
		DE7A165E280E39CF008F1886 /* Release */ = {
			isa = XCBuildConfiguration;
			buildSettings = {
				ALWAYS_EMBED_SWIFT_STANDARD_LIBRARIES = YES;
				CODE_SIGN_STYLE = Automatic;
				CURRENT_PROJECT_VERSION = 1;
				DEVELOPMENT_TEAM = R6F5KHKKNX;
				GENERATE_INFOPLIST_FILE = YES;
				MACOSX_DEPLOYMENT_TARGET = 12.2;
				MARKETING_VERSION = 1.0;
				PRODUCT_BUNDLE_IDENTIFIER = "com.ghafla.aibo.Tests-macOS";
				PRODUCT_NAME = "$(TARGET_NAME)";
				SDKROOT = macosx;
				SWIFT_EMIT_LOC_STRINGS = NO;
				SWIFT_VERSION = 5.0;
				TEST_TARGET_NAME = "Meliora (macOS)";
			};
			name = Release;
		};
/* End XCBuildConfiguration section */

/* Begin XCConfigurationList section */
		DE7A1621280E39CD008F1886 /* Build configuration list for PBXProject "Meliora" */ = {
			isa = XCConfigurationList;
			buildConfigurations = (
				DE7A1651280E39CF008F1886 /* Debug */,
				DE7A1652280E39CF008F1886 /* Release */,
			);
			defaultConfigurationIsVisible = 0;
			defaultConfigurationName = Release;
		};
		DE7A1653280E39CF008F1886 /* Build configuration list for PBXNativeTarget "Meliora (iOS)" */ = {
			isa = XCConfigurationList;
			buildConfigurations = (
				DE7A1654280E39CF008F1886 /* Debug */,
				DE7A1655280E39CF008F1886 /* Release */,
			);
			defaultConfigurationIsVisible = 0;
			defaultConfigurationName = Release;
		};
		DE7A1656280E39CF008F1886 /* Build configuration list for PBXNativeTarget "Meliora (macOS)" */ = {
			isa = XCConfigurationList;
			buildConfigurations = (
				DE7A1657280E39CF008F1886 /* Debug */,
				DE7A1658280E39CF008F1886 /* Release */,
			);
			defaultConfigurationIsVisible = 0;
			defaultConfigurationName = Release;
		};
		DE7A1659280E39CF008F1886 /* Build configuration list for PBXNativeTarget "Tests iOS" */ = {
			isa = XCConfigurationList;
			buildConfigurations = (
				DE7A165A280E39CF008F1886 /* Debug */,
				DE7A165B280E39CF008F1886 /* Release */,
			);
			defaultConfigurationIsVisible = 0;
			defaultConfigurationName = Release;
		};
		DE7A165C280E39CF008F1886 /* Build configuration list for PBXNativeTarget "Tests macOS" */ = {
			isa = XCConfigurationList;
			buildConfigurations = (
				DE7A165D280E39CF008F1886 /* Debug */,
				DE7A165E280E39CF008F1886 /* Release */,
			);
			defaultConfigurationIsVisible = 0;
			defaultConfigurationName = Release;
		};
/* End XCConfigurationList section */

/* Begin XCRemoteSwiftPackageReference section */
		DEA44B62284D14A500729989 /* XCRemoteSwiftPackageReference "joint-spm" */ = {
			isa = XCRemoteSwiftPackageReference;
			repositoryURL = "git@github.com:aibo-cora/joint-spm.git";
			requirement = {
				branch = main;
				kind = branch;
			};
		};
/* End XCRemoteSwiftPackageReference section */

/* Begin XCSwiftPackageProductDependency section */
		DEA44B63284D14A500729989 /* joint-spm */ = {
			isa = XCSwiftPackageProductDependency;
			package = DEA44B62284D14A500729989 /* XCRemoteSwiftPackageReference "joint-spm" */;
			productName = "joint-spm";
		};
/* End XCSwiftPackageProductDependency section */
	};
	rootObject = DE7A161E280E39CD008F1886 /* Project object */;
}
